<?xml version="1.0" encoding="utf-8"?>
<Project ToolsVersion="4.0" xmlns="http://schemas.microsoft.com/developer/msbuild/2003">
  <ItemGroup>
    <Filter Include="model">
      <UniqueIdentifier>{ea9353b3-1d3c-4735-b35e-32f8be356e3a}</UniqueIdentifier>
    </Filter>
    <Filter Include="model\include">
      <UniqueIdentifier>{fa1f856c-5d2b-4341-abe0-852e1fa98ffc}</UniqueIdentifier>
    </Filter>
    <Filter Include="model\src">
      <UniqueIdentifier>{fb2043d3-f24b-4889-ac45-05579e1ff3ef}</UniqueIdentifier>
    </Filter>
    <Filter Include="physics">
      <UniqueIdentifier>{7d991e7b-41a3-412c-9af0-215157dde990}</UniqueIdentifier>
    </Filter>
    <Filter Include="physics\include">
      <UniqueIdentifier>{00f1633c-88e8-44dc-b65d-10adb6d98aa8}</UniqueIdentifier>
    </Filter>
    <Filter Include="physics\src">
      <UniqueIdentifier>{b07fbf16-6ec8-4cbe-8df1-f5fd513db0f7}</UniqueIdentifier>
    </Filter>
    <Filter Include="shading">
      <UniqueIdentifier>{2d8b04b6-da9d-47b1-82c7-4ecb59e04837}</UniqueIdentifier>
    </Filter>
    <Filter Include="shading\shaders">
      <UniqueIdentifier>{f891f07b-969d-4da8-83b3-d9de7d2e0095}</UniqueIdentifier>
    </Filter>
    <Filter Include="shading\include">
      <UniqueIdentifier>{952f8213-c1e0-4b68-b03f-df5564a5fec8}</UniqueIdentifier>
    </Filter>
    <Filter Include="shading\src">
      <UniqueIdentifier>{2700c048-5930-40cd-a166-adf8251f425e}</UniqueIdentifier>
    </Filter>
    <Filter Include="glw">
      <UniqueIdentifier>{df68f6d3-1d0e-4eea-a82d-c1d0ce25a7c7}</UniqueIdentifier>
    </Filter>
  </ItemGroup>
  <ItemGroup>
    <ClInclude Include="model\include\AnimatedModel.h">
      <Filter>model\include</Filter>
    </ClInclude>
    <ClInclude Include="model\include\Animation.h">
      <Filter>model\include</Filter>
    </ClInclude>
    <ClInclude Include="model\include\AnimationBuilder.h">
      <Filter>model\include</Filter>
    </ClInclude>
    <ClInclude Include="model\include\FbxLoader.h">
      <Filter>model\include</Filter>
    </ClInclude>
    <ClInclude Include="model\include\GeometryBuilder.h">
      <Filter>model\include</Filter>
    </ClInclude>
    <ClInclude Include="model\include\GLIncludes.h">
      <Filter>model\include</Filter>
    </ClInclude>
    <ClInclude Include="model\include\MasterClock.h">
      <Filter>model\include</Filter>
    </ClInclude>
    <ClInclude Include="model\include\Matrix.h">
      <Filter>model\include</Filter>
    </ClInclude>
    <ClInclude Include="model\include\Model.h">
      <Filter>model\include</Filter>
    </ClInclude>
    <ClInclude Include="model\include\ModelFactory.h">
      <Filter>model\include</Filter>
    </ClInclude>
    <ClInclude Include="model\include\SceneManager.h">
      <Filter>model\include</Filter>
    </ClInclude>
    <ClInclude Include="model\include\SimpleContext.h">
      <Filter>model\include</Filter>
    </ClInclude>
    <ClInclude Include="model\include\SimpleContextEvents.h">
      <Filter>model\include</Filter>
    </ClInclude>
    <ClInclude Include="model\include\SkinningData.h">
      <Filter>model\include</Filter>
    </ClInclude>
    <ClInclude Include="model\include\StateVector.h">
      <Filter>model\include</Filter>
    </ClInclude>
    <ClInclude Include="model\include\Texture.h">
      <Filter>model\include</Filter>
    </ClInclude>
    <ClInclude Include="model\include\Texture2.h">
      <Filter>model\include</Filter>
    </ClInclude>
    <ClInclude Include="model\include\TextureBroker.h">
      <Filter>model\include</Filter>
    </ClInclude>
    <ClInclude Include="model\include\UpdateInterface.h">
      <Filter>model\include</Filter>
    </ClInclude>
    <ClInclude Include="model\include\Vector4.h">
      <Filter>model\include</Filter>
    </ClInclude>
    <ClInclude Include="model\include\ViewManager.h">
      <Filter>model\include</Filter>
    </ClInclude>
    <ClInclude Include="model\include\ViewManagerEvents.h">
      <Filter>model\include</Filter>
    </ClInclude>
    <ClInclude Include="physics\include\Geometry.h">
      <Filter>physics\include</Filter>
    </ClInclude>
    <ClInclude Include="physics\include\GeometryMath.h">
      <Filter>physics\include</Filter>
    </ClInclude>
    <ClInclude Include="physics\include\Physics.h">
      <Filter>physics\include</Filter>
    </ClInclude>
    <ClInclude Include="physics\include\Sphere.h">
      <Filter>physics\include</Filter>
    </ClInclude>
    <ClInclude Include="physics\include\Triangle.h">
      <Filter>physics\include</Filter>
    </ClInclude>
    <ClInclude Include="model\include\VBO.h">
      <Filter>model\include</Filter>
    </ClInclude>
    <ClInclude Include="model\include\MVP.h">
      <Filter>model\include</Filter>
    </ClInclude>
    <ClInclude Include="model\include\RenderBuffers.h">
      <Filter>model\include</Filter>
    </ClInclude>
    <ClInclude Include="physics\include\Cube.h">
      <Filter>physics\include</Filter>
    </ClInclude>
    <ClInclude Include="physics\include\OctNode.h">
      <Filter>physics\include</Filter>
    </ClInclude>
    <ClInclude Include="physics\include\OctTree.h">
      <Filter>physics\include</Filter>
    </ClInclude>
    <ClInclude Include="physics\include\OSP.h">
      <Filter>physics\include</Filter>
    </ClInclude>
    <ClInclude Include="model\include\FunctionState.h">
      <Filter>model\include</Filter>
    </ClInclude>
    <ClInclude Include="model\include\FrameBuffer.h">
      <Filter>model\include</Filter>
    </ClInclude>
    <ClInclude Include="model\include\MRTFrameBuffer.h">
      <Filter>model\include</Filter>
    </ClInclude>
    <ClInclude Include="model\include\DeferredRenderer.h">
      <Filter>model\include</Filter>
    </ClInclude>
    <ClInclude Include="model\include\Light.h">
      <Filter>model\include</Filter>
    </ClInclude>
    <ClInclude Include="model\include\ShadowFrameBuffer.h">
      <Filter>model\include</Filter>
    </ClInclude>
    <ClInclude Include="model\include\ShadowRenderer.h">
      <Filter>model\include</Filter>
    </ClInclude>
    <ClInclude Include="shading\include\Shader.h">
      <Filter>shading\include</Filter>
    </ClInclude>
    <ClInclude Include="shading\include\DebugShader.h">
      <Filter>shading\include</Filter>
    </ClInclude>
    <ClInclude Include="shading\include\StaticShader.h">
      <Filter>shading\include</Filter>
    </ClInclude>
    <ClInclude Include="shading\include\ShadowAnimatedShader.h">
      <Filter>shading\include</Filter>
    </ClInclude>
    <ClInclude Include="shading\include\ShadowStaticShader.h">
      <Filter>shading\include</Filter>
    </ClInclude>
    <ClInclude Include="shading\include\AnimationShader.h">
      <Filter>shading\include</Filter>
    </ClInclude>
    <ClInclude Include="shading\include\DeferredShader.h">
      <Filter>shading\include</Filter>
    </ClInclude>
    <ClInclude Include="shading\include\RenderShader.h">
      <Filter>shading\include</Filter>
    </ClInclude>
    <ClInclude Include="shading\include\ShadowShader.h">
      <Filter>shading\include</Filter>
    </ClInclude>
    <ClInclude Include="model\include\VectorUtil.h">
      <Filter>model\include</Filter>
    </ClInclude>
  </ItemGroup>
  <ItemGroup>
    <ClCompile Include="model\src\AnimatedModel.cpp">
      <Filter>model\src</Filter>
    </ClCompile>
    <ClCompile Include="model\src\Animation.cpp">
      <Filter>model\src</Filter>
    </ClCompile>
    <ClCompile Include="model\src\AnimationBuilder.cpp">
      <Filter>model\src</Filter>
    </ClCompile>
    <ClCompile Include="model\src\FbxLoader.cpp">
      <Filter>model\src</Filter>
    </ClCompile>
    <ClCompile Include="model\src\main.cpp">
      <Filter>model\src</Filter>
    </ClCompile>
    <ClCompile Include="model\src\MasterClock.cpp">
      <Filter>model\src</Filter>
    </ClCompile>
    <ClCompile Include="model\src\Matrix.cpp">
      <Filter>model\src</Filter>
    </ClCompile>
    <ClCompile Include="model\src\Model.cpp">
      <Filter>model\src</Filter>
    </ClCompile>
    <ClCompile Include="model\src\ModelFactory.cpp">
      <Filter>model\src</Filter>
    </ClCompile>
    <ClCompile Include="model\src\SceneManager.cpp">
      <Filter>model\src</Filter>
    </ClCompile>
    <ClCompile Include="model\src\SimpleContext.cpp">
      <Filter>model\src</Filter>
    </ClCompile>
    <ClCompile Include="model\src\SimpleContextEvents.cpp">
      <Filter>model\src</Filter>
    </ClCompile>
    <ClCompile Include="model\src\SkinningData.cpp">
      <Filter>model\src</Filter>
    </ClCompile>
    <ClCompile Include="model\src\StateVector.cpp">
      <Filter>model\src</Filter>
    </ClCompile>
    <ClCompile Include="model\src\Texture.cpp">
      <Filter>model\src</Filter>
    </ClCompile>
    <ClCompile Include="model\src\Texture2.cpp">
      <Filter>model\src</Filter>
    </ClCompile>
    <ClCompile Include="model\src\TextureBroker.cpp">
      <Filter>model\src</Filter>
    </ClCompile>
    <ClCompile Include="model\src\UpdateInterface.cpp">
      <Filter>model\src</Filter>
    </ClCompile>
    <ClCompile Include="model\src\Vector4.cpp">
      <Filter>model\src</Filter>
    </ClCompile>
    <ClCompile Include="model\src\ViewManager.cpp">
      <Filter>model\src</Filter>
    </ClCompile>
    <ClCompile Include="model\src\ViewManagerEvents.cpp">
      <Filter>model\src</Filter>
    </ClCompile>
    <ClCompile Include="physics\src\Geometry.cpp">
      <Filter>physics\src</Filter>
    </ClCompile>
    <ClCompile Include="physics\src\GeometryMath.cpp">
      <Filter>physics\src</Filter>
    </ClCompile>
    <ClCompile Include="physics\src\Physics.cpp">
      <Filter>physics\src</Filter>
    </ClCompile>
    <ClCompile Include="physics\src\Sphere.cpp">
      <Filter>physics\src</Filter>
    </ClCompile>
    <ClCompile Include="physics\src\Triangle.cpp">
      <Filter>physics\src</Filter>
    </ClCompile>
    <ClCompile Include="model\src\VBO.cpp">
      <Filter>model\src</Filter>
    </ClCompile>
    <ClCompile Include="model\src\MVP.cpp">
      <Filter>model\src</Filter>
    </ClCompile>
    <ClCompile Include="model\src\RenderBuffers.cpp">
      <Filter>model\src</Filter>
    </ClCompile>
    <ClCompile Include="physics\src\Cube.cpp">
      <Filter>physics\src</Filter>
    </ClCompile>
    <ClCompile Include="physics\src\OSP.cpp">
      <Filter>physics\src</Filter>
    </ClCompile>
    <ClCompile Include="model\src\FrameBuffer.cpp">
      <Filter>model\src</Filter>
    </ClCompile>
    <ClCompile Include="model\src\MRTFrameBuffer.cpp">
      <Filter>model\src</Filter>
    </ClCompile>
    <ClCompile Include="model\src\DeferredRenderer.cpp">
      <Filter>model\src</Filter>
    </ClCompile>
    <ClCompile Include="model\src\Light.cpp">
      <Filter>model\src</Filter>
    </ClCompile>
    <ClCompile Include="model\src\ShadowFrameBuffer.cpp">
      <Filter>model\src</Filter>
    </ClCompile>
    <ClCompile Include="model\src\ShadowRenderer.cpp">
      <Filter>model\src</Filter>
    </ClCompile>
    <ClCompile Include="shading\src\Shader.cpp">
      <Filter>shading\src</Filter>
    </ClCompile>
    <ClCompile Include="shading\src\DebugShader.cpp">
      <Filter>shading\src</Filter>
    </ClCompile>
    <ClCompile Include="shading\src\StaticShader.cpp">
      <Filter>shading\src</Filter>
    </ClCompile>
    <ClCompile Include="shading\src\ShadowAnimatedShader.cpp">
      <Filter>shading\src</Filter>
    </ClCompile>
    <ClCompile Include="shading\src\ShadowStaticShader.cpp">
      <Filter>shading\src</Filter>
    </ClCompile>
    <ClCompile Include="shading\src\AnimationShader.cpp">
      <Filter>shading\src</Filter>
    </ClCompile>
    <ClCompile Include="shading\src\DeferredShader.cpp">
      <Filter>shading\src</Filter>
    </ClCompile>
    <ClCompile Include="shading\src\RenderShader.cpp">
      <Filter>shading\src</Filter>
    </ClCompile>
    <ClCompile Include="shading\src\ShadowShader.cpp">
      <Filter>shading\src</Filter>
    </ClCompile>
    <ClCompile Include="glfw\src\gl3w.c">
      <Filter>glw</Filter>
    </ClCompile>
  </ItemGroup>
  <ItemGroup>
    <None Include="shading\shaders\animatedShadowShader.frag">
      <Filter>shading\shaders</Filter>
    </None>
    <None Include="shading\shaders\animatedShadowShader.vert">
      <Filter>shading\shaders</Filter>
    </None>
    <None Include="shading\shaders\animationShader.frag">
      <Filter>shading\shaders</Filter>
    </None>
    <None Include="shading\shaders\animationShader.vert">
      <Filter>shading\shaders</Filter>
    </None>
    <None Include="shading\shaders\debugShader.frag">
      <Filter>shading\shaders</Filter>
    </None>
    <None Include="shading\shaders\debugShader.vert">
      <Filter>shading\shaders</Filter>
    </None>
    <None Include="shading\shaders\deferredShader.frag">
      <Filter>shading\shaders</Filter>
    </None>
    <None Include="shading\shaders\deferredShader.vert">
      <Filter>shading\shaders</Filter>
    </None>
    <None Include="shading\shaders\staticShader.frag">
      <Filter>shading\shaders</Filter>
    </None>
    <None Include="shading\shaders\staticShader.vert">
      <Filter>shading\shaders</Filter>
    </None>
    <None Include="shading\shaders\staticShadowShader.frag">
      <Filter>shading\shaders</Filter>
    </None>
    <None Include="shading\shaders\staticShadowShader.vert">
      <Filter>shading\shaders</Filter>
    </None>
  </ItemGroup>
</Project>